{
  "name": "@ctrlpanel/core",
  "version": "0.2.0",
  "lockfileVersion": 1,
  "requires": true,
  "dependencies": {
    "@ctrlpanel/hkdf": {
      "version": "1.0.0",
      "resolved": "https://registry.npmjs.org/@ctrlpanel/hkdf/-/hkdf-1.0.0.tgz",
      "integrity": "sha512-2N/b/oA8Wk1EEDvm6MU3Pkcm5iaB3ST7pagYhURj+ce64i1tWtHjMvC5D7I2D88F1r/Nf2ynoppaHi2j/aJfDw=="
    },
    "@ctrlpanel/pbkdf2": {
      "version": "1.0.0",
      "resolved": "https://registry.npmjs.org/@ctrlpanel/pbkdf2/-/pbkdf2-1.0.0.tgz",
      "integrity": "sha512-NC/J3R2tRUciBPQKcJJ8rz9BGIJYVCPbl699fblp6fBXCHWwAnrOu1oEdDqKhspxsKDj/yZTTDlnSLkmO+ovfA=="
    },
    "array-buffer-to-hex": {
      "version": "1.0.0",
      "resolved": "https://registry.npmjs.org/array-buffer-to-hex/-/array-buffer-to-hex-1.0.0.tgz",
      "integrity": "sha512-arycdkxgK1cj6s03GDb96tlCxOl1n3kg9M2OHseUc6Pqyqp+lgfceFPmG507eI5V+oxOSEnlOw/dFc7LXBXF4Q=="
    },
    "base32-decode": {
      "version": "1.0.0",
      "resolved": "https://registry.npmjs.org/base32-decode/-/base32-decode-1.0.0.tgz",
      "integrity": "sha512-KNWUX/R7wKenwE/G/qFMzGScOgVntOmbE27vvc6GrniDGYb6a5+qWcuoXl8WIOQL7q0TpK7nZDm1Y04Yi3Yn5g=="
    },
    "base32-encode": {
      "version": "1.0.0",
      "resolved": "https://registry.npmjs.org/base32-encode/-/base32-encode-1.0.0.tgz",
      "integrity": "sha512-h0MuouTtt2JruaJERLehDkQHMM/yu/94kHfWR6TFzoW4QbZB+mP1/p+ETV1sS/6g3+L843FYkVbiLe5Zqbz6Vg=="
    },
    "crypto-digest-sync": {
      "version": "1.0.0",
      "resolved": "https://registry.npmjs.org/crypto-digest-sync/-/crypto-digest-sync-1.0.0.tgz",
      "integrity": "sha512-UQBOB5z+HF4iA8shKQ3PPwhCmdFAihwcytD1Qh4uiz78x04cZZmKtZ1F1VyAjkrA8uEZqXt2tMXfj3dJHtcbng=="
    },
    "crypto-random-hex": {
      "version": "1.0.0",
      "resolved": "https://registry.npmjs.org/crypto-random-hex/-/crypto-random-hex-1.0.0.tgz",
      "integrity": "sha512-1DuZQ03El13TRgfrqbbjW40Gvi4OKInny/Wxqj23/JMXe214C/3Tlz92bKXWDW3NZT5RjXUGdYW4qiIOUPf+cA==",
      "requires": {
        "array-buffer-to-hex": "1.0.0"
      }
    },
    "deep-equal": {
      "version": "1.0.1",
      "resolved": "https://registry.npmjs.org/deep-equal/-/deep-equal-1.0.1.tgz",
      "integrity": "sha1-9dJgKStmDghO/0zbyfCK0yR0SLU="
    },
    "encode-utf8": {
      "version": "1.0.1",
      "resolved": "https://registry.npmjs.org/encode-utf8/-/encode-utf8-1.0.1.tgz",
      "integrity": "sha512-F9nrr3tYt0xVSFS8JEwBLcIg8SEX6p5wPPghnMGMgaYkUuyG7S0CiLlViHBK7PJwlWvM3xlT4wFh46mTBpuaPw=="
    },
    "fast-json-patch": {
      "version": "2.0.6",
      "resolved": "https://registry.npmjs.org/fast-json-patch/-/fast-json-patch-2.0.6.tgz",
      "integrity": "sha1-hv/4+GYjkaqBlyKGTWMuYD5u5gU=",
      "requires": {
        "deep-equal": "1.0.1"
      }
    },
    "get-random-byte": {
      "version": "1.0.1",
      "resolved": "https://registry.npmjs.org/get-random-byte/-/get-random-byte-1.0.1.tgz",
      "integrity": "sha512-DHTqu1lYWYt4gXb8XweiE5DYKyt3JCGFEY3G/xx4bghFGqa8ZpaI/Dgb30kGoNBlznpIqNMvqIYabx0Wk+DCqQ=="
    },
    "hex-to-array-buffer": {
      "version": "1.1.0",
      "resolved": "https://registry.npmjs.org/hex-to-array-buffer/-/hex-to-array-buffer-1.1.0.tgz",
      "integrity": "sha512-vvl3IM8FfT1uOnHtEqyjkDK9Luqz6MQrH82qIvVnjyXxRhkeaEZyRRPiBgf2yym3nweRVEfayxt/1SoTXZYd4Q=="
    },
    "idb": {
      "version": "2.0.4",
      "resolved": "https://registry.npmjs.org/idb/-/idb-2.0.4.tgz",
      "integrity": "sha512-Nw4ykKrrVje6YODRiRm/k2ucFEQeoY+zrkszfOuzVmxx8yyBMtZh2KLaRCKk9r5GzhuF0QlNCVjBewP2n5OZ7Q=="
    },
    "integer-array-ops": {
      "version": "1.0.0",
      "resolved": "https://registry.npmjs.org/integer-array-ops/-/integer-array-ops-1.0.0.tgz",
      "integrity": "sha512-4Lw3xb9NHisDDOza07hx17anuxAG6jX1N5lRc3DQ7rM8qliz+DGpnBEnhqkihqfnqTJR4QqjCExxrG0R567qDQ=="
    },
    "jsbn": {
      "version": "1.1.0",
      "resolved": "https://registry.npmjs.org/jsbn/-/jsbn-1.1.0.tgz",
      "integrity": "sha1-sBMHyym2GKHtJux56RH4A8TaAEA="
    },
    "pad-start": {
      "version": "1.0.2",
      "resolved": "https://registry.npmjs.org/pad-start/-/pad-start-1.0.2.tgz",
      "integrity": "sha1-I+W6s+lkRrYoFs/28VCXXwQNGxQ="
    },
    "secure-remote-password": {
      "version": "0.2.3",
      "resolved": "https://registry.npmjs.org/secure-remote-password/-/secure-remote-password-0.2.3.tgz",
      "integrity": "sha512-f6KMmNiY0SlveQdcSPM/nzE9/zfl4fSyvxwFEUpx9GwbgQ6TyzT8KR3wW8E5jK9op1hziJbdXW646R8T1f0mHg==",
      "requires": {
        "array-buffer-to-hex": "1.0.0",
        "crypto-digest-sync": "1.0.0",
        "crypto-random-hex": "1.0.0",
        "encode-utf8": "1.0.1",
        "hex-to-array-buffer": "1.1.0",
        "jsbn": "1.1.0",
        "pad-start": "1.0.2"
      }
    },
    "typescript": {
      "version": "2.6.2",
      "resolved": "https://registry.npmjs.org/typescript/-/typescript-2.6.2.tgz",
      "integrity": "sha1-PFtv1/beCRQmkCfwPAlGdY92c6Q=",
      "dev": true
    }
  }
}
